version = 1
revision = 2
requires-python = "==3.12.*"

[[package]]
name = "attrs"
version = "25.3.0"
source = { registry = "https://pypi.org/simple" }
sdist = { url = "https://files.pythonhosted.org/packages/5a/b0/1367933a8532ee6ff8d63537de4f1177af4bff9f3e829baf7331f595bb24/attrs-25.3.0.tar.gz", hash = "sha256:75d7cefc7fb576747b2c81b4442d4d4a1ce0900973527c011d1030fd3bf4af1b", size = 812032, upload-time = "2025-03-13T11:10:22.779Z" }
wheels = [
    { url = "https://files.pythonhosted.org/packages/77/06/bb80f5f86020c4551da315d78b3ab75e8228f89f0162f2c3a819e407941a/attrs-25.3.0-py3-none-any.whl", hash = "sha256:427318ce031701fea540783410126f03899a97ffc6f61596ad581ac2e40e3bc3", size = 63815, upload-time = "2025-03-13T11:10:21.14Z" },
]

[[package]]
name = "cffi"
version = "1.17.1"
source = { registry = "https://pypi.org/simple" }
dependencies = [
    { name = "pycparser" },
]
sdist = { url = "https://files.pythonhosted.org/packages/fc/97/c783634659c2920c3fc70419e3af40972dbaf758daa229a7d6ea6135c90d/cffi-1.17.1.tar.gz", hash = "sha256:1c39c6016c32bc48dd54561950ebd6836e1670f2ae46128f67cf49e789c52824", size = 516621, upload-time = "2024-09-04T20:45:21.852Z" }
wheels = [
    { url = "https://files.pythonhosted.org/packages/5a/84/e94227139ee5fb4d600a7a4927f322e1d4aea6fdc50bd3fca8493caba23f/cffi-1.17.1-cp312-cp312-macosx_10_9_x86_64.whl", hash = "sha256:805b4371bf7197c329fcb3ead37e710d1bca9da5d583f5073b799d5c5bd1eee4", size = 183178, upload-time = "2024-09-04T20:44:12.232Z" },
    { url = "https://files.pythonhosted.org/packages/da/ee/fb72c2b48656111c4ef27f0f91da355e130a923473bf5ee75c5643d00cca/cffi-1.17.1-cp312-cp312-macosx_11_0_arm64.whl", hash = "sha256:733e99bc2df47476e3848417c5a4540522f234dfd4ef3ab7fafdf555b082ec0c", size = 178840, upload-time = "2024-09-04T20:44:13.739Z" },
    { url = "https://files.pythonhosted.org/packages/cc/b6/db007700f67d151abadf508cbfd6a1884f57eab90b1bb985c4c8c02b0f28/cffi-1.17.1-cp312-cp312-manylinux_2_12_i686.manylinux2010_i686.manylinux_2_17_i686.manylinux2014_i686.whl", hash = "sha256:1257bdabf294dceb59f5e70c64a3e2f462c30c7ad68092d01bbbfb1c16b1ba36", size = 454803, upload-time = "2024-09-04T20:44:15.231Z" },
    { url = "https://files.pythonhosted.org/packages/1a/df/f8d151540d8c200eb1c6fba8cd0dfd40904f1b0682ea705c36e6c2e97ab3/cffi-1.17.1-cp312-cp312-manylinux_2_17_aarch64.manylinux2014_aarch64.whl", hash = "sha256:da95af8214998d77a98cc14e3a3bd00aa191526343078b530ceb0bd710fb48a5", size = 478850, upload-time = "2024-09-04T20:44:17.188Z" },
    { url = "https://files.pythonhosted.org/packages/28/c0/b31116332a547fd2677ae5b78a2ef662dfc8023d67f41b2a83f7c2aa78b1/cffi-1.17.1-cp312-cp312-manylinux_2_17_ppc64le.manylinux2014_ppc64le.whl", hash = "sha256:d63afe322132c194cf832bfec0dc69a99fb9bb6bbd550f161a49e9e855cc78ff", size = 485729, upload-time = "2024-09-04T20:44:18.688Z" },
    { url = "https://files.pythonhosted.org/packages/91/2b/9a1ddfa5c7f13cab007a2c9cc295b70fbbda7cb10a286aa6810338e60ea1/cffi-1.17.1-cp312-cp312-manylinux_2_17_s390x.manylinux2014_s390x.whl", hash = "sha256:f79fc4fc25f1c8698ff97788206bb3c2598949bfe0fef03d299eb1b5356ada99", size = 471256, upload-time = "2024-09-04T20:44:20.248Z" },
    { url = "https://files.pythonhosted.org/packages/b2/d5/da47df7004cb17e4955df6a43d14b3b4ae77737dff8bf7f8f333196717bf/cffi-1.17.1-cp312-cp312-manylinux_2_17_x86_64.manylinux2014_x86_64.whl", hash = "sha256:b62ce867176a75d03a665bad002af8e6d54644fad99a3c70905c543130e39d93", size = 479424, upload-time = "2024-09-04T20:44:21.673Z" },
    { url = "https://files.pythonhosted.org/packages/0b/ac/2a28bcf513e93a219c8a4e8e125534f4f6db03e3179ba1c45e949b76212c/cffi-1.17.1-cp312-cp312-musllinux_1_1_aarch64.whl", hash = "sha256:386c8bf53c502fff58903061338ce4f4950cbdcb23e2902d86c0f722b786bbe3", size = 484568, upload-time = "2024-09-04T20:44:23.245Z" },
    { url = "https://files.pythonhosted.org/packages/d4/38/ca8a4f639065f14ae0f1d9751e70447a261f1a30fa7547a828ae08142465/cffi-1.17.1-cp312-cp312-musllinux_1_1_x86_64.whl", hash = "sha256:4ceb10419a9adf4460ea14cfd6bc43d08701f0835e979bf821052f1805850fe8", size = 488736, upload-time = "2024-09-04T20:44:24.757Z" },
    { url = "https://files.pythonhosted.org/packages/86/c5/28b2d6f799ec0bdecf44dced2ec5ed43e0eb63097b0f58c293583b406582/cffi-1.17.1-cp312-cp312-win32.whl", hash = "sha256:a08d7e755f8ed21095a310a693525137cfe756ce62d066e53f502a83dc550f65", size = 172448, upload-time = "2024-09-04T20:44:26.208Z" },
    { url = "https://files.pythonhosted.org/packages/50/b9/db34c4755a7bd1cb2d1603ac3863f22bcecbd1ba29e5ee841a4bc510b294/cffi-1.17.1-cp312-cp312-win_amd64.whl", hash = "sha256:51392eae71afec0d0c8fb1a53b204dbb3bcabcb3c9b807eedf3e1e6ccf2de903", size = 181976, upload-time = "2024-09-04T20:44:27.578Z" },
]

[[package]]
name = "fastjsonschema"
version = "2.21.1"
source = { registry = "https://pypi.org/simple" }
sdist = { url = "https://files.pythonhosted.org/packages/8b/50/4b769ce1ac4071a1ef6d86b1a3fb56cdc3a37615e8c5519e1af96cdac366/fastjsonschema-2.21.1.tar.gz", hash = "sha256:794d4f0a58f848961ba16af7b9c85a3e88cd360df008c59aac6fc5ae9323b5d4", size = 373939, upload-time = "2024-12-02T10:55:15.133Z" }
wheels = [
    { url = "https://files.pythonhosted.org/packages/90/2b/0817a2b257fe88725c25589d89aec060581aabf668707a8d03b2e9e0cb2a/fastjsonschema-2.21.1-py3-none-any.whl", hash = "sha256:c9e5b7e908310918cf494a434eeb31384dd84a98b57a30bcb1f535015b554667", size = 23924, upload-time = "2024-12-02T10:55:07.599Z" },
]

[[package]]
name = "jsonschema"
version = "4.23.0"
source = { registry = "https://pypi.org/simple" }
dependencies = [
    { name = "attrs" },
    { name = "jsonschema-specifications" },
    { name = "referencing" },
    { name = "rpds-py" },
]
sdist = { url = "https://files.pythonhosted.org/packages/38/2e/03362ee4034a4c917f697890ccd4aec0800ccf9ded7f511971c75451deec/jsonschema-4.23.0.tar.gz", hash = "sha256:d71497fef26351a33265337fa77ffeb82423f3ea21283cd9467bb03999266bc4", size = 325778, upload-time = "2024-07-08T18:40:05.546Z" }
wheels = [
    { url = "https://files.pythonhosted.org/packages/69/4a/4f9dbeb84e8850557c02365a0eee0649abe5eb1d84af92a25731c6c0f922/jsonschema-4.23.0-py3-none-any.whl", hash = "sha256:fbadb6f8b144a8f8cf9f0b89ba94501d143e50411a1278633f56a7acf7fd5566", size = 88462, upload-time = "2024-07-08T18:40:00.165Z" },
]

[[package]]
name = "jsonschema-specifications"
version = "2025.4.1"
source = { registry = "https://pypi.org/simple" }
dependencies = [
    { name = "referencing" },
]
sdist = { url = "https://files.pythonhosted.org/packages/bf/ce/46fbd9c8119cfc3581ee5643ea49464d168028cfb5caff5fc0596d0cf914/jsonschema_specifications-2025.4.1.tar.gz", hash = "sha256:630159c9f4dbea161a6a2205c3011cc4f18ff381b189fff48bb39b9bf26ae608", size = 15513, upload-time = "2025-04-23T12:34:07.418Z" }
wheels = [
    { url = "https://files.pythonhosted.org/packages/01/0e/b27cdbaccf30b890c40ed1da9fd4a3593a5cf94dae54fb34f8a4b74fcd3f/jsonschema_specifications-2025.4.1-py3-none-any.whl", hash = "sha256:4653bffbd6584f7de83a67e0d620ef16900b390ddc7939d56684d6c81e33f1af", size = 18437, upload-time = "2025-04-23T12:34:05.422Z" },
]

[[package]]
name = "julep-monorepo"
version = "0.1.0"
source = { virtual = "." }

[package.dev-dependencies]
dev = [
    { name = "testbook" },
]

[package.metadata]

[package.metadata.requires-dev]
dev = [{ name = "testbook", specifier = ">=0.4.2" }]

[[package]]
name = "jupyter-client"
version = "8.6.3"
source = { registry = "https://pypi.org/simple" }
dependencies = [
    { name = "jupyter-core" },
    { name = "python-dateutil" },
    { name = "pyzmq" },
    { name = "tornado" },
    { name = "traitlets" },
]
sdist = { url = "https://files.pythonhosted.org/packages/71/22/bf9f12fdaeae18019a468b68952a60fe6dbab5d67cd2a103cac7659b41ca/jupyter_client-8.6.3.tar.gz", hash = "sha256:35b3a0947c4a6e9d589eb97d7d4cd5e90f910ee73101611f01283732bd6d9419", size = 342019, upload-time = "2024-09-17T10:44:17.613Z" }
wheels = [
    { url = "https://files.pythonhosted.org/packages/11/85/b0394e0b6fcccd2c1eeefc230978a6f8cb0c5df1e4cd3e7625735a0d7d1e/jupyter_client-8.6.3-py3-none-any.whl", hash = "sha256:e8a19cc986cc45905ac3362915f410f3af85424b4c0905e94fa5f2cb08e8f23f", size = 106105, upload-time = "2024-09-17T10:44:15.218Z" },
]

[[package]]
name = "jupyter-core"
version = "5.7.2"
source = { registry = "https://pypi.org/simple" }
dependencies = [
    { name = "platformdirs" },
    { name = "pywin32", marker = "platform_python_implementation != 'PyPy' and sys_platform == 'win32'" },
    { name = "traitlets" },
]
sdist = { url = "https://files.pythonhosted.org/packages/00/11/b56381fa6c3f4cc5d2cf54a7dbf98ad9aa0b339ef7a601d6053538b079a7/jupyter_core-5.7.2.tar.gz", hash = "sha256:aa5f8d32bbf6b431ac830496da7392035d6f61b4f54872f15c4bd2a9c3f536d9", size = 87629, upload-time = "2024-03-12T12:37:35.652Z" }
wheels = [
    { url = "https://files.pythonhosted.org/packages/c9/fb/108ecd1fe961941959ad0ee4e12ee7b8b1477247f30b1fdfd83ceaf017f0/jupyter_core-5.7.2-py3-none-any.whl", hash = "sha256:4f7315d2f6b4bcf2e3e7cb6e46772eba760ae459cd1f59d29eb57b0a01bd7409", size = 28965, upload-time = "2024-03-12T12:37:32.36Z" },
]

[[package]]
name = "nbclient"
version = "0.10.2"
source = { registry = "https://pypi.org/simple" }
dependencies = [
    { name = "jupyter-client" },
    { name = "jupyter-core" },
    { name = "nbformat" },
    { name = "traitlets" },
]
sdist = { url = "https://files.pythonhosted.org/packages/87/66/7ffd18d58eae90d5721f9f39212327695b749e23ad44b3881744eaf4d9e8/nbclient-0.10.2.tar.gz", hash = "sha256:90b7fc6b810630db87a6d0c2250b1f0ab4cf4d3c27a299b0cde78a4ed3fd9193", size = 62424, upload-time = "2024-12-19T10:32:27.164Z" }
wheels = [
    { url = "https://files.pythonhosted.org/packages/34/6d/e7fa07f03a4a7b221d94b4d586edb754a9b0dc3c9e2c93353e9fa4e0d117/nbclient-0.10.2-py3-none-any.whl", hash = "sha256:4ffee11e788b4a27fabeb7955547e4318a5298f34342a4bfd01f2e1faaeadc3d", size = 25434, upload-time = "2024-12-19T10:32:24.139Z" },
]

[[package]]
name = "nbformat"
version = "5.10.4"
source = { registry = "https://pypi.org/simple" }
dependencies = [
    { name = "fastjsonschema" },
    { name = "jsonschema" },
    { name = "jupyter-core" },
    { name = "traitlets" },
]
sdist = { url = "https://files.pythonhosted.org/packages/6d/fd/91545e604bc3dad7dca9ed03284086039b294c6b3d75c0d2fa45f9e9caf3/nbformat-5.10.4.tar.gz", hash = "sha256:322168b14f937a5d11362988ecac2a4952d3d8e3a2cbeb2319584631226d5b3a", size = 142749, upload-time = "2024-04-04T11:20:37.371Z" }
wheels = [
    { url = "https://files.pythonhosted.org/packages/a9/82/0340caa499416c78e5d8f5f05947ae4bc3cba53c9f038ab6e9ed964e22f1/nbformat-5.10.4-py3-none-any.whl", hash = "sha256:3b48d6c8fbca4b299bf3982ea7db1af21580e4fec269ad087b9e81588891200b", size = 78454, upload-time = "2024-04-04T11:20:34.895Z" },
]

[[package]]
name = "platformdirs"
version = "4.3.8"
source = { registry = "https://pypi.org/simple" }
sdist = { url = "https://files.pythonhosted.org/packages/fe/8b/3c73abc9c759ecd3f1f7ceff6685840859e8070c4d947c93fae71f6a0bf2/platformdirs-4.3.8.tar.gz", hash = "sha256:3d512d96e16bcb959a814c9f348431070822a6496326a4be0911c40b5a74c2bc", size = 21362, upload-time = "2025-05-07T22:47:42.121Z" }
wheels = [
    { url = "https://files.pythonhosted.org/packages/fe/39/979e8e21520d4e47a0bbe349e2713c0aac6f3d853d0e5b34d76206c439aa/platformdirs-4.3.8-py3-none-any.whl", hash = "sha256:ff7059bb7eb1179e2685604f4aaf157cfd9535242bd23742eadc3c13542139b4", size = 18567, upload-time = "2025-05-07T22:47:40.376Z" },
]

[[package]]
name = "pycparser"
version = "2.22"
source = { registry = "https://pypi.org/simple" }
sdist = { url = "https://files.pythonhosted.org/packages/1d/b2/31537cf4b1ca988837256c910a668b553fceb8f069bedc4b1c826024b52c/pycparser-2.22.tar.gz", hash = "sha256:491c8be9c040f5390f5bf44a5b07752bd07f56edf992381b05c701439eec10f6", size = 172736, upload-time = "2024-03-30T13:22:22.564Z" }
wheels = [
    { url = "https://files.pythonhosted.org/packages/13/a3/a812df4e2dd5696d1f351d58b8fe16a405b234ad2886a0dab9183fb78109/pycparser-2.22-py3-none-any.whl", hash = "sha256:c3702b6d3dd8c7abc1afa565d7e63d53a1d0bd86cdc24edd75470f4de499cfcc", size = 117552, upload-time = "2024-03-30T13:22:20.476Z" },
]

[[package]]
name = "python-dateutil"
version = "2.9.0.post0"
source = { registry = "https://pypi.org/simple" }
dependencies = [
    { name = "six" },
]
sdist = { url = "https://files.pythonhosted.org/packages/66/c0/0c8b6ad9f17a802ee498c46e004a0eb49bc148f2fd230864601a86dcf6db/python-dateutil-2.9.0.post0.tar.gz", hash = "sha256:37dd54208da7e1cd875388217d5e00ebd4179249f90fb72437e91a35459a0ad3", size = 342432, upload-time = "2024-03-01T18:36:20.211Z" }
wheels = [
    { url = "https://files.pythonhosted.org/packages/ec/57/56b9bcc3c9c6a792fcbaf139543cee77261f3651ca9da0c93f5c1221264b/python_dateutil-2.9.0.post0-py2.py3-none-any.whl", hash = "sha256:a8b2bc7bffae282281c8140a97d3aa9c14da0b136dfe83f850eea9a5f7470427", size = 229892, upload-time = "2024-03-01T18:36:18.57Z" },
]

[[package]]
name = "pywin32"
version = "310"
source = { registry = "https://pypi.org/simple" }
wheels = [
    { url = "https://files.pythonhosted.org/packages/6b/ec/4fdbe47932f671d6e348474ea35ed94227fb5df56a7c30cbbb42cd396ed0/pywin32-310-cp312-cp312-win32.whl", hash = "sha256:8a75a5cc3893e83a108c05d82198880704c44bbaee4d06e442e471d3c9ea4f3d", size = 8796239, upload-time = "2025-03-17T00:55:58.807Z" },
    { url = "https://files.pythonhosted.org/packages/e3/e5/b0627f8bb84e06991bea89ad8153a9e50ace40b2e1195d68e9dff6b03d0f/pywin32-310-cp312-cp312-win_amd64.whl", hash = "sha256:bf5c397c9a9a19a6f62f3fb821fbf36cac08f03770056711f765ec1503972060", size = 9503839, upload-time = "2025-03-17T00:56:00.8Z" },
    { url = "https://files.pythonhosted.org/packages/1f/32/9ccf53748df72301a89713936645a664ec001abd35ecc8578beda593d37d/pywin32-310-cp312-cp312-win_arm64.whl", hash = "sha256:2349cc906eae872d0663d4d6290d13b90621eaf78964bb1578632ff20e152966", size = 8459470, upload-time = "2025-03-17T00:56:02.601Z" },
]

[[package]]
name = "pyzmq"
version = "26.4.0"
source = { registry = "https://pypi.org/simple" }
dependencies = [
    { name = "cffi", marker = "implementation_name == 'pypy'" },
]
sdist = { url = "https://files.pythonhosted.org/packages/b1/11/b9213d25230ac18a71b39b3723494e57adebe36e066397b961657b3b41c1/pyzmq-26.4.0.tar.gz", hash = "sha256:4bd13f85f80962f91a651a7356fe0472791a5f7a92f227822b5acf44795c626d", size = 278293, upload-time = "2025-04-04T12:05:44.049Z" }
wheels = [
    { url = "https://files.pythonhosted.org/packages/10/44/a778555ebfdf6c7fc00816aad12d185d10a74d975800341b1bc36bad1187/pyzmq-26.4.0-cp312-cp312-macosx_10_15_universal2.whl", hash = "sha256:5227cb8da4b6f68acfd48d20c588197fd67745c278827d5238c707daf579227b", size = 1341586, upload-time = "2025-04-04T12:03:41.954Z" },
    { url = "https://files.pythonhosted.org/packages/9c/4f/f3a58dc69ac757e5103be3bd41fb78721a5e17da7cc617ddb56d973a365c/pyzmq-26.4.0-cp312-cp312-manylinux_2_17_aarch64.manylinux2014_aarch64.whl", hash = "sha256:e1c07a7fa7f7ba86554a2b1bef198c9fed570c08ee062fd2fd6a4dcacd45f905", size = 665880, upload-time = "2025-04-04T12:03:43.45Z" },
    { url = "https://files.pythonhosted.org/packages/fe/45/50230bcfb3ae5cb98bee683b6edeba1919f2565d7cc1851d3c38e2260795/pyzmq-26.4.0-cp312-cp312-manylinux_2_17_i686.manylinux2014_i686.whl", hash = "sha256:ae775fa83f52f52de73183f7ef5395186f7105d5ed65b1ae65ba27cb1260de2b", size = 902216, upload-time = "2025-04-04T12:03:45.572Z" },
    { url = "https://files.pythonhosted.org/packages/41/59/56bbdc5689be5e13727491ad2ba5efd7cd564365750514f9bc8f212eef82/pyzmq-26.4.0-cp312-cp312-manylinux_2_17_x86_64.manylinux2014_x86_64.whl", hash = "sha256:66c760d0226ebd52f1e6b644a9e839b5db1e107a23f2fcd46ec0569a4fdd4e63", size = 859814, upload-time = "2025-04-04T12:03:47.188Z" },
    { url = "https://files.pythonhosted.org/packages/81/b1/57db58cfc8af592ce94f40649bd1804369c05b2190e4cbc0a2dad572baeb/pyzmq-26.4.0-cp312-cp312-manylinux_2_28_x86_64.whl", hash = "sha256:ef8c6ecc1d520debc147173eaa3765d53f06cd8dbe7bd377064cdbc53ab456f5", size = 855889, upload-time = "2025-04-04T12:03:49.223Z" },
    { url = "https://files.pythonhosted.org/packages/e8/92/47542e629cbac8f221c230a6d0f38dd3d9cff9f6f589ed45fdf572ffd726/pyzmq-26.4.0-cp312-cp312-musllinux_1_1_aarch64.whl", hash = "sha256:3150ef4084e163dec29ae667b10d96aad309b668fac6810c9e8c27cf543d6e0b", size = 1197153, upload-time = "2025-04-04T12:03:50.591Z" },
    { url = "https://files.pythonhosted.org/packages/07/e5/b10a979d1d565d54410afc87499b16c96b4a181af46e7645ab4831b1088c/pyzmq-26.4.0-cp312-cp312-musllinux_1_1_i686.whl", hash = "sha256:4448c9e55bf8329fa1dcedd32f661bf611214fa70c8e02fee4347bc589d39a84", size = 1507352, upload-time = "2025-04-04T12:03:52.473Z" },
    { url = "https://files.pythonhosted.org/packages/ab/58/5a23db84507ab9c01c04b1232a7a763be66e992aa2e66498521bbbc72a71/pyzmq-26.4.0-cp312-cp312-musllinux_1_1_x86_64.whl", hash = "sha256:e07dde3647afb084d985310d067a3efa6efad0621ee10826f2cb2f9a31b89d2f", size = 1406834, upload-time = "2025-04-04T12:03:54Z" },
    { url = "https://files.pythonhosted.org/packages/22/74/aaa837b331580c13b79ac39396601fb361454ee184ca85e8861914769b99/pyzmq-26.4.0-cp312-cp312-win32.whl", hash = "sha256:ba034a32ecf9af72adfa5ee383ad0fd4f4e38cdb62b13624278ef768fe5b5b44", size = 577992, upload-time = "2025-04-04T12:03:55.815Z" },
    { url = "https://files.pythonhosted.org/packages/30/0f/55f8c02c182856743b82dde46b2dc3e314edda7f1098c12a8227eeda0833/pyzmq-26.4.0-cp312-cp312-win_amd64.whl", hash = "sha256:056a97aab4064f526ecb32f4343917a4022a5d9efb6b9df990ff72e1879e40be", size = 640466, upload-time = "2025-04-04T12:03:57.231Z" },
    { url = "https://files.pythonhosted.org/packages/e4/29/073779afc3ef6f830b8de95026ef20b2d1ec22d0324d767748d806e57379/pyzmq-26.4.0-cp312-cp312-win_arm64.whl", hash = "sha256:2f23c750e485ce1eb639dbd576d27d168595908aa2d60b149e2d9e34c9df40e0", size = 556342, upload-time = "2025-04-04T12:03:59.218Z" },
]

[[package]]
name = "referencing"
version = "0.36.2"
source = { registry = "https://pypi.org/simple" }
dependencies = [
    { name = "attrs" },
    { name = "rpds-py" },
    { name = "typing-extensions" },
]
sdist = { url = "https://files.pythonhosted.org/packages/2f/db/98b5c277be99dd18bfd91dd04e1b759cad18d1a338188c936e92f921c7e2/referencing-0.36.2.tar.gz", hash = "sha256:df2e89862cd09deabbdba16944cc3f10feb6b3e6f18e902f7cc25609a34775aa", size = 74744, upload-time = "2025-01-25T08:48:16.138Z" }
wheels = [
    { url = "https://files.pythonhosted.org/packages/c1/b1/3baf80dc6d2b7bc27a95a67752d0208e410351e3feb4eb78de5f77454d8d/referencing-0.36.2-py3-none-any.whl", hash = "sha256:e8699adbbf8b5c7de96d8ffa0eb5c158b3beafce084968e2ea8bb08c6794dcd0", size = 26775, upload-time = "2025-01-25T08:48:14.241Z" },
]

[[package]]
name = "rpds-py"
version = "0.25.0"
source = { registry = "https://pypi.org/simple" }
sdist = { url = "https://files.pythonhosted.org/packages/96/d2/7bed8453e53f6c9dea7ff4c19ee980fd87be607b2caf023d62c6579e6c30/rpds_py-0.25.0.tar.gz", hash = "sha256:4d97661bf5848dd9e5eb7ded480deccf9d32ce2cd500b88a26acbf7bd2864985", size = 26822, upload-time = "2025-05-15T13:42:03.815Z" }
wheels = [
    { url = "https://files.pythonhosted.org/packages/ee/b5/819fd819dd66a65951749a2a475a0b4455fa3ad0b4f84eba5a7d785ac07b/rpds_py-0.25.0-cp312-cp312-macosx_10_12_x86_64.whl", hash = "sha256:89260601d497fa5957c3e46f10b16cfa2a4808ad4dd46cddc0b997461923a7d9", size = 364544, upload-time = "2025-05-15T13:39:02.1Z" },
    { url = "https://files.pythonhosted.org/packages/bb/66/aea9c48e9f6d8f88b8ecf4ac7f6c6d742e005c33e0bdd46ce0d9f12aee27/rpds_py-0.25.0-cp312-cp312-macosx_11_0_arm64.whl", hash = "sha256:637ec39f97e342a3f76af739eda96800549d92f3aa27a2170b6dcbdffd49f480", size = 350634, upload-time = "2025-05-15T13:39:03.524Z" },
    { url = "https://files.pythonhosted.org/packages/20/93/e5ee11a1b139f0064d82fff24265de881949e8be96453ec7cc26511e2216/rpds_py-0.25.0-cp312-cp312-manylinux_2_17_aarch64.manylinux2014_aarch64.whl", hash = "sha256:2bd08c82336412a39a598e5baccab2ee2d7bd54e9115c8b64f2febb45da5c368", size = 392993, upload-time = "2025-05-15T13:39:05.485Z" },
    { url = "https://files.pythonhosted.org/packages/3e/46/751eb56baa015486dd353d22dcc12252c69ad30845bd87322702431fe519/rpds_py-0.25.0-cp312-cp312-manylinux_2_17_armv7l.manylinux2014_armv7l.whl", hash = "sha256:837fd066f974e5b98c69ac83ec594b79a2724a39a92a157b8651615e5032e530", size = 399671, upload-time = "2025-05-15T13:39:07.01Z" },
    { url = "https://files.pythonhosted.org/packages/90/8f/8c2fe58710e1af0d730173078365cfbea217af7a50e4d4c15d8c125c2bf5/rpds_py-0.25.0-cp312-cp312-manylinux_2_17_ppc64le.manylinux2014_ppc64le.whl", hash = "sha256:653a066d2a4a332d4f8a11813e8124b643fa7b835b78468087a9898140469eee", size = 452889, upload-time = "2025-05-15T13:39:09.082Z" },
    { url = "https://files.pythonhosted.org/packages/e1/60/5192ddcde55bc19055994c19cb294fb62494fe3b19f707d3572311a06057/rpds_py-0.25.0-cp312-cp312-manylinux_2_17_s390x.manylinux2014_s390x.whl", hash = "sha256:91a51499be506022b9f09facfc42f0c3a1c45969c0fc8f0bbebc8ff23ab9e531", size = 441069, upload-time = "2025-05-15T13:39:10.689Z" },
    { url = "https://files.pythonhosted.org/packages/c4/0e/0cbcef1144cd9ed9e30bbcbfb98a823904fefa12b8ebc1e5a0426d8d6a7e/rpds_py-0.25.0-cp312-cp312-manylinux_2_17_x86_64.manylinux2014_x86_64.whl", hash = "sha256:eb91471640390a82744b164f8a0be4d7c89d173b1170713f9639c6bad61e9e64", size = 391281, upload-time = "2025-05-15T13:39:12.22Z" },
    { url = "https://files.pythonhosted.org/packages/b9/e5/509a90ae0496af514c9f00fcbf8952cf3f9279e1c9a78738baa0e5c42b7a/rpds_py-0.25.0-cp312-cp312-manylinux_2_5_i686.manylinux1_i686.whl", hash = "sha256:28bd2969445acc2d6801a22f97a43134ae3cb18e7495d668bfaa8d82b8526cdc", size = 425308, upload-time = "2025-05-15T13:39:13.787Z" },
    { url = "https://files.pythonhosted.org/packages/e3/61/248102bcc5f3943f337693131a07ad36fac3915d66edcd7d7c74df0770d0/rpds_py-0.25.0-cp312-cp312-musllinux_1_2_aarch64.whl", hash = "sha256:f933b35fa563f047896a70b69414dfb3952831817e4c4b3a6faa96737627f363", size = 570074, upload-time = "2025-05-15T13:39:15.488Z" },
    { url = "https://files.pythonhosted.org/packages/7d/a1/34d1286b1b655fd2219e56587862f4a894f98d025cde58ae7bf9ed3d54be/rpds_py-0.25.0-cp312-cp312-musllinux_1_2_i686.whl", hash = "sha256:80b37b37525492250adc7cbca20ae7084f86eb3eb62414b624d2a400370853b1", size = 595438, upload-time = "2025-05-15T13:39:17.209Z" },
    { url = "https://files.pythonhosted.org/packages/be/4a/413b8f664ffdbfa3b711e03328212ee26db9c2710f8148bcb21f379fb9b5/rpds_py-0.25.0-cp312-cp312-musllinux_1_2_x86_64.whl", hash = "sha256:864573b6440b770db5a8693547a8728d7fd32580d4903010a8eee0bb5b03b130", size = 561950, upload-time = "2025-05-15T13:39:18.78Z" },
    { url = "https://files.pythonhosted.org/packages/f5/25/7c1a6461b704b1408591d9c3739a0cfa05f08a9bf3afc3f5f8cd8a86f5d5/rpds_py-0.25.0-cp312-cp312-win32.whl", hash = "sha256:ad4a896896346adab86d52b31163c39d49e4e94c829494b96cc064bff82c5851", size = 222692, upload-time = "2025-05-15T13:39:22.916Z" },
    { url = "https://files.pythonhosted.org/packages/f2/43/891aeac02896d5a7eaa720c30cc2b960e6e5b9b6364db067a57a29597a99/rpds_py-0.25.0-cp312-cp312-win_amd64.whl", hash = "sha256:4fbec54cc42fa90ca69158d75f125febc4116b2d934e71c78f97de1388a8feb2", size = 235489, upload-time = "2025-05-15T13:39:24.43Z" },
]

[[package]]
name = "six"
version = "1.17.0"
source = { registry = "https://pypi.org/simple" }
sdist = { url = "https://files.pythonhosted.org/packages/94/e7/b2c673351809dca68a0e064b6af791aa332cf192da575fd474ed7d6f16a2/six-1.17.0.tar.gz", hash = "sha256:ff70335d468e7eb6ec65b95b99d3a2836546063f63acc5171de367e834932a81", size = 34031, upload-time = "2024-12-04T17:35:28.174Z" }
wheels = [
    { url = "https://files.pythonhosted.org/packages/b7/ce/149a00dd41f10bc29e5921b496af8b574d8413afcd5e30dfa0ed46c2cc5e/six-1.17.0-py2.py3-none-any.whl", hash = "sha256:4721f391ed90541fddacab5acf947aa0d3dc7d27b2e1e8eda2be8970586c3274", size = 11050, upload-time = "2024-12-04T17:35:26.475Z" },
]

[[package]]
name = "testbook"
version = "0.4.2"
source = { registry = "https://pypi.org/simple" }
dependencies = [
    { name = "nbclient" },
    { name = "nbformat" },
]
wheels = [
    { url = "https://files.pythonhosted.org/packages/a4/c7/c09d306c597411b0bebaa4c04daf4871bc2d4ee73f24c5c79bd6830afcb1/testbook-0.4.2-py3-none-any.whl", hash = "sha256:21e03818017d1315607e117c101cf4b5f5b6dcd5ead77eab65ac9508a281f644", size = 11826, upload-time = "2021-06-02T19:59:55.098Z" },
]

[[package]]
name = "tornado"
version = "6.5"
source = { registry = "https://pypi.org/simple" }
sdist = { url = "https://files.pythonhosted.org/packages/63/c4/bb3bd68b1b3cd30abc6411469875e6d32004397ccc4a3230479f86f86a73/tornado-6.5.tar.gz", hash = "sha256:c70c0a26d5b2d85440e4debd14a8d0b463a0cf35d92d3af05f5f1ffa8675c826", size = 508968, upload-time = "2025-05-15T20:37:43.098Z" }
wheels = [
    { url = "https://files.pythonhosted.org/packages/b0/7c/6526062801e4becb5a7511079c0b0f170a80d929d312042d5b5c4afad464/tornado-6.5-cp39-abi3-macosx_10_9_universal2.whl", hash = "sha256:f81067dad2e4443b015368b24e802d0083fecada4f0a4572fdb72fc06e54a9a6", size = 441204, upload-time = "2025-05-15T20:37:22.107Z" },
    { url = "https://files.pythonhosted.org/packages/3f/ff/53d49f869a390ce68d4f98306b6f9ad5765c114ab27ef47d7c9bd05d1191/tornado-6.5-cp39-abi3-macosx_10_9_x86_64.whl", hash = "sha256:9ac1cbe1db860b3cbb251e795c701c41d343f06a96049d6274e7c77559117e41", size = 439373, upload-time = "2025-05-15T20:37:24.476Z" },
    { url = "https://files.pythonhosted.org/packages/4a/62/fdd9b12b95e4e2b7b8c21dfc306b0960b20b741e588318c13918cf52b868/tornado-6.5-cp39-abi3-manylinux_2_17_aarch64.manylinux2014_aarch64.whl", hash = "sha256:7c625b9d03f1fb4d64149c47d0135227f0434ebb803e2008040eb92906b0105a", size = 442935, upload-time = "2025-05-15T20:37:26.638Z" },
    { url = "https://files.pythonhosted.org/packages/46/00/0094bd1538cb8579f7a97330cb77f40c9b8042c71fb040e5daae439be1ae/tornado-6.5-cp39-abi3-manylinux_2_5_i686.manylinux1_i686.manylinux_2_17_i686.manylinux2014_i686.whl", hash = "sha256:9a0d8d2309faf015903080fb5bdd969ecf9aa5ff893290845cf3fd5b2dd101bc", size = 442282, upload-time = "2025-05-15T20:37:28.436Z" },
    { url = "https://files.pythonhosted.org/packages/d8/fa/23bb108afb8197a55edd333fe26a3dad9341ce441337aad95cd06b025594/tornado-6.5-cp39-abi3-manylinux_2_5_x86_64.manylinux1_x86_64.manylinux_2_17_x86_64.manylinux2014_x86_64.whl", hash = "sha256:03576ab51e9b1677e4cdaae620d6700d9823568b7939277e4690fe4085886c55", size = 442515, upload-time = "2025-05-15T20:37:30.051Z" },
    { url = "https://files.pythonhosted.org/packages/dc/f2/c4d43d830578111b1826cf831fdbb8b2a10e3c4fccc4b774b69d818eb231/tornado-6.5-cp39-abi3-musllinux_1_2_aarch64.whl", hash = "sha256:ab75fe43d0e1b3a5e3ceddb2a611cb40090dd116a84fc216a07a298d9e000471", size = 443192, upload-time = "2025-05-15T20:37:31.832Z" },
    { url = "https://files.pythonhosted.org/packages/92/c5/932cc6941f88336d70744b3fda420b9cb18684c034293a1c430a766b2ad9/tornado-6.5-cp39-abi3-musllinux_1_2_i686.whl", hash = "sha256:119c03f440a832128820e87add8a175d211b7f36e7ee161c631780877c28f4fb", size = 442615, upload-time = "2025-05-15T20:37:33.883Z" },
    { url = "https://files.pythonhosted.org/packages/70/90/e831b7800ec9632d5eb6a0931b016b823efa963356cb1c215f035b6d5d2e/tornado-6.5-cp39-abi3-musllinux_1_2_x86_64.whl", hash = "sha256:231f2193bb4c28db2bdee9e57bc6ca0cd491f345cd307c57d79613b058e807e0", size = 442592, upload-time = "2025-05-15T20:37:35.507Z" },
    { url = "https://files.pythonhosted.org/packages/71/ed/fe27371e79930559e9a90324727267ad5cf9479a2c897ff75ace1d3bec3d/tornado-6.5-cp39-abi3-win32.whl", hash = "sha256:fd20c816e31be1bbff1f7681f970bbbd0bb241c364220140228ba24242bcdc59", size = 443674, upload-time = "2025-05-15T20:37:37.617Z" },
    { url = "https://files.pythonhosted.org/packages/78/77/85fb3a93ef109f6de9a60acc6302f9761a3e7150a6c1b40e8a4a215db5fc/tornado-6.5-cp39-abi3-win_amd64.whl", hash = "sha256:007f036f7b661e899bd9ef3fa5f87eb2cb4d1b2e7d67368e778e140a2f101a7a", size = 444118, upload-time = "2025-05-15T20:37:39.174Z" },
    { url = "https://files.pythonhosted.org/packages/54/9a/3cc3969c733ddd4f5992b3d4ec15c9a2564192c7b1a239ba21c8f73f8af4/tornado-6.5-cp39-abi3-win_arm64.whl", hash = "sha256:542e380658dcec911215c4820654662810c06ad872eefe10def6a5e9b20e9633", size = 442874, upload-time = "2025-05-15T20:37:41.267Z" },
]

[[package]]
name = "traitlets"
version = "5.14.3"
source = { registry = "https://pypi.org/simple" }
sdist = { url = "https://files.pythonhosted.org/packages/eb/79/72064e6a701c2183016abbbfedaba506d81e30e232a68c9f0d6f6fcd1574/traitlets-5.14.3.tar.gz", hash = "sha256:9ed0579d3502c94b4b3732ac120375cda96f923114522847de4b3bb98b96b6b7", size = 161621, upload-time = "2024-04-19T11:11:49.746Z" }
wheels = [
    { url = "https://files.pythonhosted.org/packages/00/c0/8f5d070730d7836adc9c9b6408dec68c6ced86b304a9b26a14df072a6e8c/traitlets-5.14.3-py3-none-any.whl", hash = "sha256:b74e89e397b1ed28cc831db7aea759ba6640cb3de13090ca145426688ff1ac4f", size = 85359, upload-time = "2024-04-19T11:11:46.763Z" },
]

[[package]]
name = "typing-extensions"
version = "4.13.2"
source = { registry = "https://pypi.org/simple" }
sdist = { url = "https://files.pythonhosted.org/packages/f6/37/23083fcd6e35492953e8d2aaaa68b860eb422b34627b13f2ce3eb6106061/typing_extensions-4.13.2.tar.gz", hash = "sha256:e6c81219bd689f51865d9e372991c540bda33a0379d5573cddb9a3a23f7caaef", size = 106967, upload-time = "2025-04-10T14:19:05.416Z" }
wheels = [
    { url = "https://files.pythonhosted.org/packages/8b/54/b1ae86c0973cc6f0210b53d508ca3641fb6d0c56823f288d108bc7ab3cc8/typing_extensions-4.13.2-py3-none-any.whl", hash = "sha256:a439e7c04b49fec3e5d3e2beaa21755cadbbdc391694e28ccdd36ca4a1408f8c", size = 45806, upload-time = "2025-04-10T14:19:03.967Z" },
]
